# THIS IS AN AUTOGENERATED FILE. DO NOT EDIT THIS FILE DIRECTLY.
# yarn lockfile v1


ajv-formats@^2.1.1:
  version "2.1.1"
  resolved "https://registry.yarnpkg.com/ajv-formats/-/ajv-formats-2.1.1.tgz#6e669400659eb74973bbf2e33327180a0996b520"
  integrity sha512-Wx0Kx52hxE7C18hkMEggYlEifqWZtYaRgouJor+WMdPnQyEK13vgEWyVNup7SoeeoLMsr4kf5h6dOW11I15MUA==
  dependencies:
    ajv "^8.0.0"

ajv@^8.0.0, ajv@^8.12.0:
  version "8.12.0"
  resolved "https://registry.yarnpkg.com/ajv/-/ajv-8.12.0.tgz#d1a0527323e22f53562c567c00991577dfbe19d1"
  integrity sha512-sRu1kpcO9yLtYxBKvqfTeh9KzZEwO3STyX1HT+4CaDzC6HpTGYhIhPIzj9XuKU7KYDwnaeh5hcOwjy1QuJzBPA==
  dependencies:
    fast-deep-equal "^3.1.1"
    json-schema-traverse "^1.0.0"
    require-from-string "^2.0.2"
    uri-js "^4.2.2"

atomically@^2.0.0:
  version "2.0.1"
  resolved "https://registry.yarnpkg.com/atomically/-/atomically-2.0.1.tgz#a9f1775340ced8db6ecf88160df9a0393fdd0055"
  integrity sha512-sxBhVZUFBFhqSAsYMM3X2oaUi2NVDJ8U026FsIusM8gYXls9AYs/eXzgGrufs1Qjpkxi9zunds+75QUFz+m7UQ==
  dependencies:
    stubborn-fs "^1.2.4"
    when-exit "^2.0.0"

chalk@^5.2.0:
  version "5.2.0"
  resolved "https://registry.yarnpkg.com/chalk/-/chalk-5.2.0.tgz#249623b7d66869c673699fb66d65723e54dfcfb3"
  integrity sha512-ree3Gqw/nazQAPuJJEy+avdl7QfZMcUvmHIKgEZkGL+xOBzRvup5Hxo6LHuMceSxOabuJLJm5Yp/92R9eMmMvA==

commander@^10.0.0:
  version "10.0.0"
  resolved "https://registry.yarnpkg.com/commander/-/commander-10.0.0.tgz#71797971162cd3cf65f0b9d24eb28f8d303acdf1"
  integrity sha512-zS5PnTI22FIRM6ylNW8G4Ap0IEOyk62fhLSD0+uHRT9McRCLGpkVNvao4bjimpK/GShynyQkFFxHhwMcETmduA==

conf@^11.0.1:
  version "11.0.1"
  resolved "https://registry.yarnpkg.com/conf/-/conf-11.0.1.tgz#0555825ae5e84f4c043597ed1c25caa028c5b2c1"
  integrity sha512-WlLiQboEjKx0bYx2IIRGedBgNjLAxtwPaCSnsjWPST5xR0DB4q8lcsO/bEH9ZRYNcj63Y9vj/JG/5Fg6uWzI0Q==
  dependencies:
    ajv "^8.12.0"
    ajv-formats "^2.1.1"
    atomically "^2.0.0"
    debounce-fn "^5.1.2"
    dot-prop "^7.2.0"
    env-paths "^3.0.0"
    json-schema-typed "^8.0.1"
    semver "^7.3.8"

debounce-fn@^5.1.2:
  version "5.1.2"
  resolved "https://registry.yarnpkg.com/debounce-fn/-/debounce-fn-5.1.2.tgz#c77bc447ef36828ecdd066df7de23f475e0a6281"
  integrity sha512-Sr4SdOZ4vw6eQDvPYNxHogvrxmCIld/VenC5JbNrFwMiwd7lY/Z18ZFfo+EWNG4DD9nFlAujWAo/wGuOPHmy5A==
  dependencies:
    mimic-fn "^4.0.0"

dot-prop@^7.2.0:
  version "7.2.0"
  resolved "https://registry.yarnpkg.com/dot-prop/-/dot-prop-7.2.0.tgz#468172a3529779814d21a779c1ba2f6d76609809"
  integrity sha512-Ol/IPXUARn9CSbkrdV4VJo7uCy1I3VuSiWCaFSg+8BdUOzF9n3jefIpcgAydvUZbTdEBZs2vEiTiS9m61ssiDA==
  dependencies:
    type-fest "^2.11.2"

env-paths@^3.0.0:
  version "3.0.0"
  resolved "https://registry.yarnpkg.com/env-paths/-/env-paths-3.0.0.tgz#2f1e89c2f6dbd3408e1b1711dd82d62e317f58da"
  integrity sha512-dtJUTepzMW3Lm/NPxRf3wP4642UWhjL2sQxc+ym2YMj1m/H2zDNQOlezafzkHwn6sMstjHTwG6iQQsctDW/b1A==

fast-deep-equal@^3.1.1:
  version "3.1.3"
  resolved "https://registry.yarnpkg.com/fast-deep-equal/-/fast-deep-equal-3.1.3.tgz#3a7d56b559d6cbc3eb512325244e619a65c6c525"
  integrity sha512-f3qQ9oQy9j2AhBe/H9VC91wLmKBCCU/gDOnKNAYG5hswO7BLKj09Hc5HYNz9cGI++xlpDCIgDaitVs03ATR84Q==

json-schema-traverse@^1.0.0:
  version "1.0.0"
  resolved "https://registry.yarnpkg.com/json-schema-traverse/-/json-schema-traverse-1.0.0.tgz#ae7bcb3656ab77a73ba5c49bf654f38e6b6860e2"
  integrity sha512-NM8/P9n3XjXhIZn1lLhkFaACTOURQXjWhV4BA/RnOv8xvgqtqpAX9IO4mRQxSx1Rlo4tqzeqb0sOlruaOy3dug==

json-schema-typed@^8.0.1:
  version "8.0.1"
  resolved "https://registry.yarnpkg.com/json-schema-typed/-/json-schema-typed-8.0.1.tgz#826ee39e3b6cef536f85412ff048d3ff6f19dfa0"
  integrity sha512-XQmWYj2Sm4kn4WeTYvmpKEbyPsL7nBsb647c7pMe6l02/yx2+Jfc4dT6UZkEXnIUb5LhD55r2HPsJ1milQ4rDg==

lru-cache@^6.0.0:
  version "6.0.0"
  resolved "https://registry.yarnpkg.com/lru-cache/-/lru-cache-6.0.0.tgz#6d6fe6570ebd96aaf90fcad1dafa3b2566db3a94"
  integrity sha512-Jo6dJ04CmSjuznwJSS3pUeWmd/H0ffTlkXXgwZi+eq1UCmqQwCh+eLsYOYCwY991i2Fah4h1BEMCx4qThGbsiA==
  dependencies:
    yallist "^4.0.0"

mimic-fn@^4.0.0:
  version "4.0.0"
  resolved "https://registry.yarnpkg.com/mimic-fn/-/mimic-fn-4.0.0.tgz#60a90550d5cb0b239cca65d893b1a53b29871ecc"
  integrity sha512-vqiC06CuhBTUdZH+RYl8sFrL096vA45Ok5ISO6sE/Mr1jRbGH4Csnhi8f3wKVl7x8mO4Au7Ir9D3Oyv1VYMFJw==

punycode@^2.1.0:
  version "2.3.0"
  resolved "https://registry.yarnpkg.com/punycode/-/punycode-2.3.0.tgz#f67fa67c94da8f4d0cfff981aee4118064199b8f"
  integrity sha512-rRV+zQD8tVFys26lAGR9WUuS4iUAngJScM+ZRSKtvl5tKeZ2t5bvdNFdNHBW9FWR4guGHlgmsZ1G7BSm2wTbuA==

require-from-string@^2.0.2:
  version "2.0.2"
  resolved "https://registry.yarnpkg.com/require-from-string/-/require-from-string-2.0.2.tgz#89a7fdd938261267318eafe14f9c32e598c36909"
  integrity sha512-Xf0nWe6RseziFMu+Ap9biiUbmplq6S9/p+7w7YXP/JBHhrUDDUhwa+vANyubuqfZWTveU//DYVGsDG7RKL/vEw==

semver@^7.3.8:
  version "7.3.8"
  resolved "https://registry.yarnpkg.com/semver/-/semver-7.3.8.tgz#07a78feafb3f7b32347d725e33de7e2a2df67798"
  integrity sha512-NB1ctGL5rlHrPJtFDVIVzTyQylMLu9N9VICA6HSFJo8MCGVTMW6gfpicwKmmK/dAjTOrqu5l63JJOpDSrAis3A==
  dependencies:
    lru-cache "^6.0.0"

stubborn-fs@^1.2.4:
  version "1.2.4"
  resolved "https://registry.yarnpkg.com/stubborn-fs/-/stubborn-fs-1.2.4.tgz#7b03f0e8c57272d86cbed0bdbd6d6b75dbd8f2e9"
  integrity sha512-KRa4nIRJ8q6uApQbPwYZVhOof8979fw4xbajBWa5kPJFa4nyY3aFaMWVyIVCDnkNCCG/3HLipUZ4QaNlYsmX1w==

type-fest@^2.11.2:
  version "2.19.0"
  resolved "https://registry.yarnpkg.com/type-fest/-/type-fest-2.19.0.tgz#88068015bb33036a598b952e55e9311a60fd3a9b"
  integrity sha512-RAH822pAdBgcNMAfWnCBU3CFZcfZ/i1eZjwFU/dsLKumyuuP3niueg2UAukXYF0E2AAoc82ZSSf9J0WQBinzHA==

uri-js@^4.2.2:
  version "4.4.1"
  resolved "https://registry.yarnpkg.com/uri-js/-/uri-js-4.4.1.tgz#9b1a52595225859e55f669d928f88c6c57f2a77e"
  integrity sha512-7rKUyy33Q1yc98pQ1DAmLtwX109F7TIfWlW1Ydo8Wl1ii1SeHieeh0HHfPeL2fMXK6z0s8ecKs9frCuLJvndBg==
  dependencies:
    punycode "^2.1.0"

when-exit@^2.0.0:
  version "2.1.0"
  resolved "https://registry.yarnpkg.com/when-exit/-/when-exit-2.1.0.tgz#0f7b5d7d5f00ea2c4b131b546c444cca2c4ffba7"
  integrity sha512-H85ulNwUBU1e6PGxkWUDgxnbohSXD++ah6Xw1VHAN7CtypcbZaC4aYjQ+C2PMVaDkURDuOinNAT+Lnz3utWXxQ==

yallist@^4.0.0:
  version "4.0.0"
  resolved "https://registry.yarnpkg.com/yallist/-/yallist-4.0.0.tgz#9bb92790d9c0effec63be73519e11a35019a3a72"
  integrity sha512-3wdGidZyq5PB084XLES5TpOSRA3wjXAlIWMhum2kRcv/41Sn2emQ0dycQW4uZXLejwKvg6EsvbdlVL+FYEct7A==
